<?xml version="1.0" encoding="utf-8"?>
<Project ToolsVersion="4.0" xmlns="http://schemas.microsoft.com/developer/msbuild/2003">
  <ItemGroup>
    <Filter Include="src">
      <UniqueIdentifier>{926cac8f-89a2-4687-9e8e-b0b4caecfa25}</UniqueIdentifier>
    </Filter>
    <Filter Include="src\data_structures">
      <UniqueIdentifier>{98566c38-1a5d-4579-bad8-ef8cdd7a3eec}</UniqueIdentifier>
    </Filter>
    <Filter Include="src\net">
      <UniqueIdentifier>{56f0393e-6df5-40f9-936a-ed97ba9134f3}</UniqueIdentifier>
    </Filter>
    <Filter Include="src\thread">
      <UniqueIdentifier>{5cf36ca7-a791-45f2-87a3-be7e47a77068}</UniqueIdentifier>
    </Filter>
    <Filter Include="lib">
      <UniqueIdentifier>{93995380-89BD-4b04-88EB-625FBE52EBFB}</UniqueIdentifier>
      <Extensions>h;hh;hpp;hxx;hm;inl;inc;xsd</Extensions>
    </Filter>
    <Filter Include="resources">
      <UniqueIdentifier>{67DA6AB6-F800-4c08-8B7A-83BB121AAD01}</UniqueIdentifier>
      <Extensions>rc;ico;cur;bmp;dlg;rc2;rct;bin;rgs;gif;jpg;jpeg;jpe;resx;tiff;tif;png;wav;mfcribbon-ms</Extensions>
    </Filter>
    <Filter Include="src\util">
      <UniqueIdentifier>{97633fc7-3687-49ad-b694-97d9e32f9731}</UniqueIdentifier>
    </Filter>
    <Filter Include="src\win">
      <UniqueIdentifier>{13af328f-9b46-4333-acc2-5ea3aee820c1}</UniqueIdentifier>
    </Filter>
  </ItemGroup>
  <ItemGroup>
    <ClInclude Include="stdafx.h">
      <Filter>lib</Filter>
    </ClInclude>
    <ClInclude Include="targetver.h">
      <Filter>lib</Filter>
    </ClInclude>
    <ClInclude Include="rp_libs.h">
      <Filter>lib</Filter>
    </ClInclude>
    <ClInclude Include="ThreadSafeQueue.h">
      <Filter>src\data_structures</Filter>
    </ClInclude>
    <ClInclude Include="Msg.h">
      <Filter>src\net</Filter>
    </ClInclude>
    <ClInclude Include="SocketTCP.h">
      <Filter>src\net</Filter>
    </ClInclude>
    <ClInclude Include="Socket.h">
      <Filter>src\net</Filter>
    </ClInclude>
    <ClInclude Include="ThreadControl.h">
      <Filter>src\thread</Filter>
    </ClInclude>
    <ClInclude Include="ThreadPinger.h">
      <Filter>src\thread</Filter>
    </ClInclude>
    <ClInclude Include="ThreadPool.h">
      <Filter>src\thread</Filter>
    </ClInclude>
    <ClInclude Include="ThreadRAII.h">
      <Filter>src\thread</Filter>
    </ClInclude>
    <ClInclude Include="ThreadRunner.h">
      <Filter>src\thread</Filter>
    </ClInclude>
    <ClInclude Include="Selector.h">
      <Filter>src\net</Filter>
    </ClInclude>
    <ClInclude Include="NetUtil.h">
      <Filter>src\net</Filter>
    </ClInclude>
    <ClInclude Include="CyclicBuffer.h">
      <Filter>src\data_structures</Filter>
    </ClInclude>
    <ClInclude Include="Util.h">
      <Filter>src\util</Filter>
    </ClInclude>
    <ClInclude Include="SelectorClient.h">
      <Filter>src\net</Filter>
    </ClInclude>
    <ClInclude Include="LibInit.h">
      <Filter>src</Filter>
    </ClInclude>
    <ClInclude Include="EventHandler.h">
      <Filter>src\win</Filter>
    </ClInclude>
    <ClInclude Include="NetworkEventHandler.h">
      <Filter>src\net</Filter>
    </ClInclude>
  </ItemGroup>
  <ItemGroup>
    <ClCompile Include="ThreadSafeQueue.cpp">
      <Filter>src\data_structures</Filter>
    </ClCompile>
    <ClCompile Include="Socket.cpp">
      <Filter>src\net</Filter>
    </ClCompile>
    <ClCompile Include="SocketTCP.cpp">
      <Filter>src\net</Filter>
    </ClCompile>
    <ClCompile Include="ThreadControl.cpp">
      <Filter>src\thread</Filter>
    </ClCompile>
    <ClCompile Include="ThreadPinger.cpp">
      <Filter>src\thread</Filter>
    </ClCompile>
    <ClCompile Include="ThreadPool.cpp">
      <Filter>src\thread</Filter>
    </ClCompile>
    <ClCompile Include="ThreadRAII.cpp">
      <Filter>src\thread</Filter>
    </ClCompile>
    <ClCompile Include="ThreadRunner.cpp">
      <Filter>src\thread</Filter>
    </ClCompile>
    <ClCompile Include="dllmain.cpp">
      <Filter>lib</Filter>
    </ClCompile>
    <ClCompile Include="rp_libs.cpp">
      <Filter>lib</Filter>
    </ClCompile>
    <ClCompile Include="stdafx.cpp">
      <Filter>lib</Filter>
    </ClCompile>
    <ClCompile Include="Selector.cpp">
      <Filter>src\net</Filter>
    </ClCompile>
    <ClCompile Include="CyclicBuffer.cpp">
      <Filter>src\data_structures</Filter>
    </ClCompile>
    <ClCompile Include="SelectorClient.cpp">
      <Filter>src\net</Filter>
    </ClCompile>
    <ClCompile Include="LibInit.cpp">
      <Filter>src</Filter>
    </ClCompile>
    <ClCompile Include="EventHandler.cpp">
      <Filter>src\win</Filter>
    </ClCompile>
    <ClCompile Include="NetworkEventHandler.cpp">
      <Filter>src\net</Filter>
    </ClCompile>
  </ItemGroup>
  <ItemGroup>
    <Text Include="ReadMe.txt">
      <Filter>lib</Filter>
    </Text>
  </ItemGroup>
</Project>